
Microsoft Visual Studio Solution File, Format Version 12.00
# Visual Studio Version 17
VisualStudioVersion = 17.6.33801.468
MinimumVisualStudioVersion = 10.0.40219.1
Project("{FAE04EC0-301F-11D3-BF4B-00C04F79EFBC}") = "WebResume", "WebResume\WebResume.csproj", "{25521544-1461-4C8A-89F4-3D103268247F}"
EndProject
Global
	GlobalSection(SolutionConfigurationPlatforms) = preSolution
		Debug|Any CPU = Debug|Any CPU
		Release|Any CPU = Release|Any CPU
	EndGlobalSection
	GlobalSection(ProjectConfigurationPlatforms) = postSolution
		{25521544-1461-4C8A-89F4-3D103268247F}.Debug|Any CPU.ActiveCfg = Debug|Any CPU
		{25521544-1461-4C8A-89F4-3D103268247F}.Debug|Any CPU.Build.0 = Debug|Any CPU
		{25521544-1461-4C8A-89F4-3D103268247F}.Release|Any CPU.ActiveCfg = Release|Any CPU
		{25521544-1461-4C8A-89F4-3D103268247F}.Release|Any CPU.Build.0 = Release|Any CPU
	EndGlobalSection
	GlobalSection(SolutionProperties) = preSolution
		HideSolutionNode = FALSE
	EndGlobalSection
	GlobalSection(ExtensibilityGlobals) = postSolution
		SolutionGuid = {AF7C32D8-1FB7-4E3D-BFC3-407BACB5CCB5}
	EndGlobalSection
EndGlobal
